
Microsoft Visual Studio Solution File, Format Version 12.00
# Visual Studio 14
VisualStudioVersion = 14.0.23107.0
MinimumVisualStudioVersion = 10.0.40219.1
Project("{FAE04EC0-301F-11D3-BF4B-00C04F79EFBC}") = "LibraryMgtSystem", "LibraryMgtSystem\LibraryMgtSystem.csproj", "{CEAD7BAA-40F1-430C-A9A9-EBFB27F0B8BA}"
EndProject
Project("{FAE04EC0-301F-11D3-BF4B-00C04F79EFBC}") = "DAO", "DAO\DAO.csproj", "{421AFD03-F960-4FF2-BF6E-4F2B5AE6485B}"
EndProject
Global
	GlobalSection(SolutionConfigurationPlatforms) = preSolution
		Debug|Any CPU = Debug|Any CPU
		Release|Any CPU = Release|Any CPU
	EndGlobalSection
	GlobalSection(ProjectConfigurationPlatforms) = postSolution
		{CEAD7BAA-40F1-430C-A9A9-EBFB27F0B8BA}.Debug|Any CPU.ActiveCfg = Debug|Any CPU
		{CEAD7BAA-40F1-430C-A9A9-EBFB27F0B8BA}.Debug|Any CPU.Build.0 = Debug|Any CPU
		{CEAD7BAA-40F1-430C-A9A9-EBFB27F0B8BA}.Release|Any CPU.ActiveCfg = Release|Any CPU
		{CEAD7BAA-40F1-430C-A9A9-EBFB27F0B8BA}.Release|Any CPU.Build.0 = Release|Any CPU
		{421AFD03-F960-4FF2-BF6E-4F2B5AE6485B}.Debug|Any CPU.ActiveCfg = Debug|Any CPU
		{421AFD03-F960-4FF2-BF6E-4F2B5AE6485B}.Debug|Any CPU.Build.0 = Debug|Any CPU
		{421AFD03-F960-4FF2-BF6E-4F2B5AE6485B}.Release|Any CPU.ActiveCfg = Release|Any CPU
		{421AFD03-F960-4FF2-BF6E-4F2B5AE6485B}.Release|Any CPU.Build.0 = Release|Any CPU
	EndGlobalSection
	GlobalSection(SolutionProperties) = preSolution
		HideSolutionNode = FALSE
	EndGlobalSection
EndGlobal
